{
  "name": "wang-moba",
  "lockfileVersion": 2,
  "requires": true,
  "packages": {
    "": {
      "dependencies": {
        "jwt-decode": "^3.1.2"
      }
    },
    "node_modules/jwt-decode": {
      "version": "3.1.2",
      "resolved": "https://registry.npmmirror.com/jwt-decode/download/jwt-decode-3.1.2.tgz",
      "integrity": "sha1-P7MZ82daLfDCiVyPXp+ktnsE7Vk="
    }
  },
  "dependencies": {
    "jwt-decode": {
      "version": "3.1.2",
      "resolved": "https://registry.npmmirror.com/jwt-decode/download/jwt-decode-3.1.2.tgz",
      "integrity": "sha1-P7MZ82daLfDCiVyPXp+ktnsE7Vk="
    }
  }
}
